
Microsoft Visual Studio Solution File, Format Version 12.00
# Visual Studio Version 17
VisualStudioVersion = 17.8.34511.84
MinimumVisualStudioVersion = 10.0.40219.1
Project("{FAE04EC0-301F-11D3-BF4B-00C04F79EFBC}") = "AspCoreWebApiCRUD_Client", "AspCoreWebApiCRUD_Client.csproj", "{1FBC4913-C9AD-4810-9A39-69FB58D79BC2}"
EndProject
Global
	GlobalSection(SolutionConfigurationPlatforms) = preSolution
		Debug|Any CPU = Debug|Any CPU
		Release|Any CPU = Release|Any CPU
	EndGlobalSection
	GlobalSection(ProjectConfigurationPlatforms) = postSolution
		{1FBC4913-C9AD-4810-9A39-69FB58D79BC2}.Debug|Any CPU.ActiveCfg = Debug|Any CPU
		{1FBC4913-C9AD-4810-9A39-69FB58D79BC2}.Debug|Any CPU.Build.0 = Debug|Any CPU
		{1FBC4913-C9AD-4810-9A39-69FB58D79BC2}.Release|Any CPU.ActiveCfg = Release|Any CPU
		{1FBC4913-C9AD-4810-9A39-69FB58D79BC2}.Release|Any CPU.Build.0 = Release|Any CPU
	EndGlobalSection
	GlobalSection(SolutionProperties) = preSolution
		HideSolutionNode = FALSE
	EndGlobalSection
	GlobalSection(ExtensibilityGlobals) = postSolution
		SolutionGuid = {D8588DF2-C38C-4822-9BAF-D12072687033}
	EndGlobalSection
EndGlobal
